
Microsoft Visual Studio Solution File, Format Version 12.00
# Visual Studio Version 17
VisualStudioVersion = 17.10.34928.147
MinimumVisualStudioVersion = 10.0.40219.1
Project("{FAE04EC0-301F-11D3-BF4B-00C04F79EFBC}") = "BlazorChatApplication", "BlazorChatApplication\BlazorChatApplication.csproj", "{DE4A7386-25B8-43BC-BCF0-27910C0F5651}"
EndProject
Global
	GlobalSection(SolutionConfigurationPlatforms) = preSolution
		Debug|Any CPU = Debug|Any CPU
		Release|Any CPU = Release|Any CPU
	EndGlobalSection
	GlobalSection(ProjectConfigurationPlatforms) = postSolution
		{DE4A7386-25B8-43BC-BCF0-27910C0F5651}.Debug|Any CPU.ActiveCfg = Debug|Any CPU
		{DE4A7386-25B8-43BC-BCF0-27910C0F5651}.Debug|Any CPU.Build.0 = Debug|Any CPU
		{DE4A7386-25B8-43BC-BCF0-27910C0F5651}.Release|Any CPU.ActiveCfg = Release|Any CPU
		{DE4A7386-25B8-43BC-BCF0-27910C0F5651}.Release|Any CPU.Build.0 = Release|Any CPU
	EndGlobalSection
	GlobalSection(SolutionProperties) = preSolution
		HideSolutionNode = FALSE
	EndGlobalSection
	GlobalSection(ExtensibilityGlobals) = postSolution
		SolutionGuid = {33C97FD6-EE06-42BF-B6A6-E6E7C4EFA455}
	EndGlobalSection
EndGlobal
